
Microsoft Visual Studio Solution File, Format Version 12.00
# Visual Studio Version 17
VisualStudioVersion = 17.0.31903.59
MinimumVisualStudioVersion = 10.0.40219.1
Project("{9A19103F-16F7-4668-BE54-9A1E7A4F7556}") = "Tyuiu.ChashkovTA.Sprint6.Task0.V13.Lib", "Tyuiu.ChashkovTA.Sprint6.Task0.V13.Lib\Tyuiu.ChashkovTA.Sprint6.Task0.V13.Lib.csproj", "{F31DA1E1-DD9D-484C-B225-48AAE94F45A6}"
EndProject
Project("{9A19103F-16F7-4668-BE54-9A1E7A4F7556}") = "Tyuiu.ChashkovTA.Sprint6.Task0.V13", "Tyuiu.ChashkovTA.Sprint6.Task0.V13\Tyuiu.ChashkovTA.Sprint6.Task0.V13.csproj", "{E4D2D478-BE70-4C31-A6F6-55FD217FFB80}"
EndProject
Project("{9A19103F-16F7-4668-BE54-9A1E7A4F7556}") = "Tyuiu.ChashkovTA.Sprint6.Task0.V13.Test", "Tyuiu.ChashkovTA.Sprint6.Task0.V13.Test\Tyuiu.ChashkovTA.Sprint6.Task0.V13.Test.csproj", "{9AF85700-DD1C-4E9F-9D35-FA0E1D95D521}"
EndProject
Project("{2150E333-8FDC-42A3-9474-1A3956D46DE8}") = "Task0", "Task0", "{C0A8ECFC-55F9-48DA-8420-BFABEC01F3D2}"
EndProject
Project("{9A19103F-16F7-4668-BE54-9A1E7A4F7556}") = "Tyuiu.ChashkovTA.Sprint6.Task1.V17.Lib", "Tyuiu.ChashkovTA.Sprint6.Task1.V17.Lib\Tyuiu.ChashkovTA.Sprint6.Task1.V17.Lib.csproj", "{44F762D3-2E23-4820-8366-4073D2F20456}"
EndProject
Project("{9A19103F-16F7-4668-BE54-9A1E7A4F7556}") = "Tyuiu.ChashkovTA.Sprint6.Task1.V17", "Tyuiu.ChashkovTA.Sprint6.Task1.V17\Tyuiu.ChashkovTA.Sprint6.Task1.V17.csproj", "{65EEECD0-3F32-4936-895C-6968EC713D59}"
EndProject
Project("{9A19103F-16F7-4668-BE54-9A1E7A4F7556}") = "Tyuiu.ChashkovTA.Sprint6.Task1.V17.Test", "Tyuiu.ChashkovTA.Sprint6.Task1.V17.Test\Tyuiu.ChashkovTA.Sprint6.Task1.V17.Test.csproj", "{B85770D6-F44F-499B-997E-FFEEF5409DE5}"
EndProject
Project("{2150E333-8FDC-42A3-9474-1A3956D46DE8}") = "Task1", "Task1", "{BFE14068-B6DC-496D-BBBB-0C6E03A670E6}"
EndProject
Project("{9A19103F-16F7-4668-BE54-9A1E7A4F7556}") = "Tyuiu.ChashkovTA.Sprint6.Task2.V27.Lib", "Tyuiu.ChashkovTA.Sprint6.Task2.V27.Lib\Tyuiu.ChashkovTA.Sprint6.Task2.V27.Lib.csproj", "{C6532240-F3F8-4E95-BBCA-A4741D000BCA}"
EndProject
Project("{9A19103F-16F7-4668-BE54-9A1E7A4F7556}") = "Tyuiu.ChashkovTA.Sprint6.Task2.V27", "Tyuiu.ChashkovTA.Sprint6.Task2.V27\Tyuiu.ChashkovTA.Sprint6.Task2.V27.csproj", "{0997E358-64D1-4D67-9D91-DB2BC2FED13A}"
EndProject
Project("{9A19103F-16F7-4668-BE54-9A1E7A4F7556}") = "Tyuiu.ChashkovTA.Sprint6.Task2.V27.Test", "Tyuiu.ChashkovTA.Sprint6.Task2.V27.Test\Tyuiu.ChashkovTA.Sprint6.Task2.V27.Test.csproj", "{C6B17B51-113B-43F2-8F6F-159DB1C3F36A}"
EndProject
Project("{2150E333-8FDC-42A3-9474-1A3956D46DE8}") = "Task2", "Task2", "{C4F7E3C9-B2F4-49C9-BE20-04801C4433F6}"
EndProject
Project("{9A19103F-16F7-4668-BE54-9A1E7A4F7556}") = "Tyuiu.ChashkovTA.Sprint6.Task3.V21.Lib", "Tyuiu.ChashkovTA.Sprint6.Task3.V21.Lib\Tyuiu.ChashkovTA.Sprint6.Task3.V21.Lib.csproj", "{2BADEF1E-3E2E-4528-A0DE-C5B79BD9CACA}"
EndProject
Project("{9A19103F-16F7-4668-BE54-9A1E7A4F7556}") = "Tyuiu.ChashkovTA.Sprint6.Task3.V21", "Tyuiu.ChashkovTA.Sprint6.Task3.V21\Tyuiu.ChashkovTA.Sprint6.Task3.V21.csproj", "{CCCD64D8-6B4C-4AE3-B403-F360B4D4E1A5}"
EndProject
Project("{9A19103F-16F7-4668-BE54-9A1E7A4F7556}") = "Tyuiu.ChashkovTA.Sprint6.Task3.V21.Test", "Tyuiu.ChashkovTA.Sprint6.Task3.V21.Test\Tyuiu.ChashkovTA.Sprint6.Task3.V21.Test.csproj", "{15D74085-A97C-47BB-8F40-E0FAC6E14725}"
EndProject
Project("{2150E333-8FDC-42A3-9474-1A3956D46DE8}") = "Task3", "Task3", "{C09BFCE3-10C7-415F-82D0-EC7F97D5E558}"
EndProject
Project("{9A19103F-16F7-4668-BE54-9A1E7A4F7556}") = "Tyuiu.ChashkovTA.Sprint6.Task4.V17.Lib", "Tyuiu.ChashkovTA.Sprint6.Task4.V17.Lib\Tyuiu.ChashkovTA.Sprint6.Task4.V17.Lib.csproj", "{7F61F05B-6B47-4D4E-8FC6-34253509C192}"
EndProject
Project("{9A19103F-16F7-4668-BE54-9A1E7A4F7556}") = "Tyuiu.ChashkovTA.Sprint6.Task4.V17", "Tyuiu.ChashkovTA.Sprint6.Task4.V17\Tyuiu.ChashkovTA.Sprint6.Task4.V17.csproj", "{C5D72CDA-5238-41B2-B457-06FFFD80680F}"
EndProject
Project("{9A19103F-16F7-4668-BE54-9A1E7A4F7556}") = "Tyuiu.ChashkovTA.Sprint6.Task4.V17.Test", "Tyuiu.ChashkovTA.Sprint6.Task4.V17.Test\Tyuiu.ChashkovTA.Sprint6.Task4.V17.Test.csproj", "{E56C4BA7-24A8-4F8D-9D9F-1E1D63E58242}"
EndProject
Project("{2150E333-8FDC-42A3-9474-1A3956D46DE8}") = "Task4", "Task4", "{14C945DA-4EC3-4DCB-BFB5-21CB2A3C038F}"
EndProject
Project("{9A19103F-16F7-4668-BE54-9A1E7A4F7556}") = "Tyuiu.ChashkovTA.Sprint6.Task5.V10.Lib", "Tyuiu.ChashkovTA.Sprint6.Task5.V10.Lib\Tyuiu.ChashkovTA.Sprint6.Task5.V10.Lib.csproj", "{73CD1417-63B7-4C08-A90F-9B89C63348A4}"
EndProject
Project("{9A19103F-16F7-4668-BE54-9A1E7A4F7556}") = "Tyuiu.ChashkovTA.Sprint6.Task5.V10", "Tyuiu.ChashkovTA.Sprint6.Task5.V10\Tyuiu.ChashkovTA.Sprint6.Task5.V10.csproj", "{A3833CBE-AE06-4350-AEB9-DBF38B5CFA07}"
EndProject
Project("{9A19103F-16F7-4668-BE54-9A1E7A4F7556}") = "Tyuiu.ChashkovTA.Sprint6.Task5.V10.Test", "Tyuiu.ChashkovTA.Sprint6.Task5.V10.Test\Tyuiu.ChashkovTA.Sprint6.Task5.V10.Test.csproj", "{45C412F6-E5FD-42BF-BFBE-CA6C3D857A2E}"
EndProject
Project("{2150E333-8FDC-42A3-9474-1A3956D46DE8}") = "Task5", "Task5", "{CEA8EB0B-9295-4CB2-9FF1-B97BE794EE74}"
EndProject
Project("{9A19103F-16F7-4668-BE54-9A1E7A4F7556}") = "Tyuiu.ChashkovTA.Sprint6.Task6.V10.Lib", "Tyuiu.ChashkovTA.Sprint6.Task6.V10.Lib\Tyuiu.ChashkovTA.Sprint6.Task6.V10.Lib.csproj", "{F4C9AE07-7249-421C-AD52-AAE5CA9C756E}"
EndProject
Project("{9A19103F-16F7-4668-BE54-9A1E7A4F7556}") = "Tyuiu.ChashkovTA.Sprint6.Task6.V10", "Tyuiu.ChashkovTA.Sprint6.Task6.V10\Tyuiu.ChashkovTA.Sprint6.Task6.V10.csproj", "{086C4EFF-8D05-439F-982D-0395F9ECEE45}"
EndProject
Project("{9A19103F-16F7-4668-BE54-9A1E7A4F7556}") = "Tyuiu.ChashkovTA.Sprint6.Task6.V10.Test", "Tyuiu.ChashkovTA.Sprint6.Task6.V10.Test\Tyuiu.ChashkovTA.Sprint6.Task6.V10.Test.csproj", "{E0218616-B41D-41D6-8B40-8F68E6F9599E}"
EndProject
Project("{2150E333-8FDC-42A3-9474-1A3956D46DE8}") = "Task6", "Task6", "{AB1D6B42-B543-418E-831C-850F055D2F71}"
EndProject
Global
	GlobalSection(SolutionConfigurationPlatforms) = preSolution
		Debug|Any CPU = Debug|Any CPU
		Release|Any CPU = Release|Any CPU
	EndGlobalSection
	GlobalSection(ProjectConfigurationPlatforms) = postSolution
		{F31DA1E1-DD9D-484C-B225-48AAE94F45A6}.Debug|Any CPU.ActiveCfg = Debug|Any CPU
		{F31DA1E1-DD9D-484C-B225-48AAE94F45A6}.Debug|Any CPU.Build.0 = Debug|Any CPU
		{F31DA1E1-DD9D-484C-B225-48AAE94F45A6}.Release|Any CPU.ActiveCfg = Release|Any CPU
		{F31DA1E1-DD9D-484C-B225-48AAE94F45A6}.Release|Any CPU.Build.0 = Release|Any CPU
		{E4D2D478-BE70-4C31-A6F6-55FD217FFB80}.Debug|Any CPU.ActiveCfg = Debug|Any CPU
		{E4D2D478-BE70-4C31-A6F6-55FD217FFB80}.Debug|Any CPU.Build.0 = Debug|Any CPU
		{E4D2D478-BE70-4C31-A6F6-55FD217FFB80}.Release|Any CPU.ActiveCfg = Release|Any CPU
		{E4D2D478-BE70-4C31-A6F6-55FD217FFB80}.Release|Any CPU.Build.0 = Release|Any CPU
		{9AF85700-DD1C-4E9F-9D35-FA0E1D95D521}.Debug|Any CPU.ActiveCfg = Debug|Any CPU
		{9AF85700-DD1C-4E9F-9D35-FA0E1D95D521}.Debug|Any CPU.Build.0 = Debug|Any CPU
		{9AF85700-DD1C-4E9F-9D35-FA0E1D95D521}.Release|Any CPU.ActiveCfg = Release|Any CPU
		{9AF85700-DD1C-4E9F-9D35-FA0E1D95D521}.Release|Any CPU.Build.0 = Release|Any CPU
		{44F762D3-2E23-4820-8366-4073D2F20456}.Debug|Any CPU.ActiveCfg = Debug|Any CPU
		{44F762D3-2E23-4820-8366-4073D2F20456}.Debug|Any CPU.Build.0 = Debug|Any CPU
		{44F762D3-2E23-4820-8366-4073D2F20456}.Release|Any CPU.ActiveCfg = Release|Any CPU
		{44F762D3-2E23-4820-8366-4073D2F20456}.Release|Any CPU.Build.0 = Release|Any CPU
		{65EEECD0-3F32-4936-895C-6968EC713D59}.Debug|Any CPU.ActiveCfg = Debug|Any CPU
		{65EEECD0-3F32-4936-895C-6968EC713D59}.Debug|Any CPU.Build.0 = Debug|Any CPU
		{65EEECD0-3F32-4936-895C-6968EC713D59}.Release|Any CPU.ActiveCfg = Release|Any CPU
		{65EEECD0-3F32-4936-895C-6968EC713D59}.Release|Any CPU.Build.0 = Release|Any CPU
		{B85770D6-F44F-499B-997E-FFEEF5409DE5}.Debug|Any CPU.ActiveCfg = Debug|Any CPU
		{B85770D6-F44F-499B-997E-FFEEF5409DE5}.Debug|Any CPU.Build.0 = Debug|Any CPU
		{B85770D6-F44F-499B-997E-FFEEF5409DE5}.Release|Any CPU.ActiveCfg = Release|Any CPU
		{B85770D6-F44F-499B-997E-FFEEF5409DE5}.Release|Any CPU.Build.0 = Release|Any CPU
		{C6532240-F3F8-4E95-BBCA-A4741D000BCA}.Debug|Any CPU.ActiveCfg = Debug|Any CPU
		{C6532240-F3F8-4E95-BBCA-A4741D000BCA}.Debug|Any CPU.Build.0 = Debug|Any CPU
		{C6532240-F3F8-4E95-BBCA-A4741D000BCA}.Release|Any CPU.ActiveCfg = Release|Any CPU
		{C6532240-F3F8-4E95-BBCA-A4741D000BCA}.Release|Any CPU.Build.0 = Release|Any CPU
		{0997E358-64D1-4D67-9D91-DB2BC2FED13A}.Debug|Any CPU.ActiveCfg = Debug|Any CPU
		{0997E358-64D1-4D67-9D91-DB2BC2FED13A}.Debug|Any CPU.Build.0 = Debug|Any CPU
		{0997E358-64D1-4D67-9D91-DB2BC2FED13A}.Release|Any CPU.ActiveCfg = Release|Any CPU
		{0997E358-64D1-4D67-9D91-DB2BC2FED13A}.Release|Any CPU.Build.0 = Release|Any CPU
		{C6B17B51-113B-43F2-8F6F-159DB1C3F36A}.Debug|Any CPU.ActiveCfg = Debug|Any CPU
		{C6B17B51-113B-43F2-8F6F-159DB1C3F36A}.Debug|Any CPU.Build.0 = Debug|Any CPU
		{C6B17B51-113B-43F2-8F6F-159DB1C3F36A}.Release|Any CPU.ActiveCfg = Release|Any CPU
		{C6B17B51-113B-43F2-8F6F-159DB1C3F36A}.Release|Any CPU.Build.0 = Release|Any CPU
		{2BADEF1E-3E2E-4528-A0DE-C5B79BD9CACA}.Debug|Any CPU.ActiveCfg = Debug|Any CPU
		{2BADEF1E-3E2E-4528-A0DE-C5B79BD9CACA}.Debug|Any CPU.Build.0 = Debug|Any CPU
		{2BADEF1E-3E2E-4528-A0DE-C5B79BD9CACA}.Release|Any CPU.ActiveCfg = Release|Any CPU
		{2BADEF1E-3E2E-4528-A0DE-C5B79BD9CACA}.Release|Any CPU.Build.0 = Release|Any CPU
		{CCCD64D8-6B4C-4AE3-B403-F360B4D4E1A5}.Debug|Any CPU.ActiveCfg = Debug|Any CPU
		{CCCD64D8-6B4C-4AE3-B403-F360B4D4E1A5}.Debug|Any CPU.Build.0 = Debug|Any CPU
		{CCCD64D8-6B4C-4AE3-B403-F360B4D4E1A5}.Release|Any CPU.ActiveCfg = Release|Any CPU
		{CCCD64D8-6B4C-4AE3-B403-F360B4D4E1A5}.Release|Any CPU.Build.0 = Release|Any CPU
		{15D74085-A97C-47BB-8F40-E0FAC6E14725}.Debug|Any CPU.ActiveCfg = Debug|Any CPU
		{15D74085-A97C-47BB-8F40-E0FAC6E14725}.Debug|Any CPU.Build.0 = Debug|Any CPU
		{15D74085-A97C-47BB-8F40-E0FAC6E14725}.Release|Any CPU.ActiveCfg = Release|Any CPU
		{15D74085-A97C-47BB-8F40-E0FAC6E14725}.Release|Any CPU.Build.0 = Release|Any CPU
		{7F61F05B-6B47-4D4E-8FC6-34253509C192}.Debug|Any CPU.ActiveCfg = Debug|Any CPU
		{7F61F05B-6B47-4D4E-8FC6-34253509C192}.Debug|Any CPU.Build.0 = Debug|Any CPU
		{7F61F05B-6B47-4D4E-8FC6-34253509C192}.Release|Any CPU.ActiveCfg = Release|Any CPU
		{7F61F05B-6B47-4D4E-8FC6-34253509C192}.Release|Any CPU.Build.0 = Release|Any CPU
		{C5D72CDA-5238-41B2-B457-06FFFD80680F}.Debug|Any CPU.ActiveCfg = Debug|Any CPU
		{C5D72CDA-5238-41B2-B457-06FFFD80680F}.Debug|Any CPU.Build.0 = Debug|Any CPU
		{C5D72CDA-5238-41B2-B457-06FFFD80680F}.Release|Any CPU.ActiveCfg = Release|Any CPU
		{C5D72CDA-5238-41B2-B457-06FFFD80680F}.Release|Any CPU.Build.0 = Release|Any CPU
		{E56C4BA7-24A8-4F8D-9D9F-1E1D63E58242}.Debug|Any CPU.ActiveCfg = Debug|Any CPU
		{E56C4BA7-24A8-4F8D-9D9F-1E1D63E58242}.Debug|Any CPU.Build.0 = Debug|Any CPU
		{E56C4BA7-24A8-4F8D-9D9F-1E1D63E58242}.Release|Any CPU.ActiveCfg = Release|Any CPU
		{E56C4BA7-24A8-4F8D-9D9F-1E1D63E58242}.Release|Any CPU.Build.0 = Release|Any CPU
		{73CD1417-63B7-4C08-A90F-9B89C63348A4}.Debug|Any CPU.ActiveCfg = Debug|Any CPU
		{73CD1417-63B7-4C08-A90F-9B89C63348A4}.Debug|Any CPU.Build.0 = Debug|Any CPU
		{73CD1417-63B7-4C08-A90F-9B89C63348A4}.Release|Any CPU.ActiveCfg = Release|Any CPU
		{73CD1417-63B7-4C08-A90F-9B89C63348A4}.Release|Any CPU.Build.0 = Release|Any CPU
		{A3833CBE-AE06-4350-AEB9-DBF38B5CFA07}.Debug|Any CPU.ActiveCfg = Debug|Any CPU
		{A3833CBE-AE06-4350-AEB9-DBF38B5CFA07}.Debug|Any CPU.Build.0 = Debug|Any CPU
		{A3833CBE-AE06-4350-AEB9-DBF38B5CFA07}.Release|Any CPU.ActiveCfg = Release|Any CPU
		{A3833CBE-AE06-4350-AEB9-DBF38B5CFA07}.Release|Any CPU.Build.0 = Release|Any CPU
		{45C412F6-E5FD-42BF-BFBE-CA6C3D857A2E}.Debug|Any CPU.ActiveCfg = Debug|Any CPU
		{45C412F6-E5FD-42BF-BFBE-CA6C3D857A2E}.Debug|Any CPU.Build.0 = Debug|Any CPU
		{45C412F6-E5FD-42BF-BFBE-CA6C3D857A2E}.Release|Any CPU.ActiveCfg = Release|Any CPU
		{45C412F6-E5FD-42BF-BFBE-CA6C3D857A2E}.Release|Any CPU.Build.0 = Release|Any CPU
		{F4C9AE07-7249-421C-AD52-AAE5CA9C756E}.Debug|Any CPU.ActiveCfg = Debug|Any CPU
		{F4C9AE07-7249-421C-AD52-AAE5CA9C756E}.Debug|Any CPU.Build.0 = Debug|Any CPU
		{F4C9AE07-7249-421C-AD52-AAE5CA9C756E}.Release|Any CPU.ActiveCfg = Release|Any CPU
		{F4C9AE07-7249-421C-AD52-AAE5CA9C756E}.Release|Any CPU.Build.0 = Release|Any CPU
		{086C4EFF-8D05-439F-982D-0395F9ECEE45}.Debug|Any CPU.ActiveCfg = Debug|Any CPU
		{086C4EFF-8D05-439F-982D-0395F9ECEE45}.Debug|Any CPU.Build.0 = Debug|Any CPU
		{086C4EFF-8D05-439F-982D-0395F9ECEE45}.Release|Any CPU.ActiveCfg = Release|Any CPU
		{086C4EFF-8D05-439F-982D-0395F9ECEE45}.Release|Any CPU.Build.0 = Release|Any CPU
		{E0218616-B41D-41D6-8B40-8F68E6F9599E}.Debug|Any CPU.ActiveCfg = Debug|Any CPU
		{E0218616-B41D-41D6-8B40-8F68E6F9599E}.Debug|Any CPU.Build.0 = Debug|Any CPU
		{E0218616-B41D-41D6-8B40-8F68E6F9599E}.Release|Any CPU.ActiveCfg = Release|Any CPU
		{E0218616-B41D-41D6-8B40-8F68E6F9599E}.Release|Any CPU.Build.0 = Release|Any CPU
	EndGlobalSection
	GlobalSection(SolutionProperties) = preSolution
		HideSolutionNode = FALSE
	EndGlobalSection
	GlobalSection(NestedProjects) = preSolution
		{F31DA1E1-DD9D-484C-B225-48AAE94F45A6} = {C0A8ECFC-55F9-48DA-8420-BFABEC01F3D2}
		{E4D2D478-BE70-4C31-A6F6-55FD217FFB80} = {C0A8ECFC-55F9-48DA-8420-BFABEC01F3D2}
		{9AF85700-DD1C-4E9F-9D35-FA0E1D95D521} = {C0A8ECFC-55F9-48DA-8420-BFABEC01F3D2}
		{44F762D3-2E23-4820-8366-4073D2F20456} = {BFE14068-B6DC-496D-BBBB-0C6E03A670E6}
		{65EEECD0-3F32-4936-895C-6968EC713D59} = {BFE14068-B6DC-496D-BBBB-0C6E03A670E6}
		{B85770D6-F44F-499B-997E-FFEEF5409DE5} = {BFE14068-B6DC-496D-BBBB-0C6E03A670E6}
		{C6532240-F3F8-4E95-BBCA-A4741D000BCA} = {C4F7E3C9-B2F4-49C9-BE20-04801C4433F6}
		{0997E358-64D1-4D67-9D91-DB2BC2FED13A} = {C4F7E3C9-B2F4-49C9-BE20-04801C4433F6}
		{C6B17B51-113B-43F2-8F6F-159DB1C3F36A} = {C4F7E3C9-B2F4-49C9-BE20-04801C4433F6}
		{2BADEF1E-3E2E-4528-A0DE-C5B79BD9CACA} = {C09BFCE3-10C7-415F-82D0-EC7F97D5E558}
		{CCCD64D8-6B4C-4AE3-B403-F360B4D4E1A5} = {C09BFCE3-10C7-415F-82D0-EC7F97D5E558}
		{15D74085-A97C-47BB-8F40-E0FAC6E14725} = {C09BFCE3-10C7-415F-82D0-EC7F97D5E558}
		{7F61F05B-6B47-4D4E-8FC6-34253509C192} = {14C945DA-4EC3-4DCB-BFB5-21CB2A3C038F}
		{C5D72CDA-5238-41B2-B457-06FFFD80680F} = {14C945DA-4EC3-4DCB-BFB5-21CB2A3C038F}
		{E56C4BA7-24A8-4F8D-9D9F-1E1D63E58242} = {14C945DA-4EC3-4DCB-BFB5-21CB2A3C038F}
		{73CD1417-63B7-4C08-A90F-9B89C63348A4} = {CEA8EB0B-9295-4CB2-9FF1-B97BE794EE74}
		{A3833CBE-AE06-4350-AEB9-DBF38B5CFA07} = {CEA8EB0B-9295-4CB2-9FF1-B97BE794EE74}
		{45C412F6-E5FD-42BF-BFBE-CA6C3D857A2E} = {CEA8EB0B-9295-4CB2-9FF1-B97BE794EE74}
		{F4C9AE07-7249-421C-AD52-AAE5CA9C756E} = {AB1D6B42-B543-418E-831C-850F055D2F71}
		{086C4EFF-8D05-439F-982D-0395F9ECEE45} = {AB1D6B42-B543-418E-831C-850F055D2F71}
		{E0218616-B41D-41D6-8B40-8F68E6F9599E} = {AB1D6B42-B543-418E-831C-850F055D2F71}
	EndGlobalSection
	GlobalSection(ExtensibilityGlobals) = postSolution
		SolutionGuid = {9C1A91E1-9B5E-4195-87EA-BFA5B0BFCAE6}
	EndGlobalSection
EndGlobal
